
Microsoft Visual Studio Solution File, Format Version 12.00
# Visual Studio Version 17
VisualStudioVersion = 17.4.33213.308
MinimumVisualStudioVersion = 10.0.40219.1
Project("{9A19103F-16F7-4668-BE54-9A1E7A4F7556}") = "Api", "Api\Api.csproj", "{567DA79E-E001-470A-9C1B-6D3C9A34178E}"
EndProject
Project("{2150E333-8FDC-42A3-9474-1A3956D46DE8}") = "Web", "Web", "{C4635F01-D1BE-4247-B2BA-A8C1788D8927}"
EndProject
Project("{2150E333-8FDC-42A3-9474-1A3956D46DE8}") = "Core", "Core", "{540D96C9-CCBF-409C-B533-F2FAED824BE8}"
EndProject
Project("{2150E333-8FDC-42A3-9474-1A3956D46DE8}") = "Services", "Services", "{4B434A68-1416-4747-8380-0C14F869019C}"
EndProject
Project("{2150E333-8FDC-42A3-9474-1A3956D46DE8}") = "Interface", "Interface", "{107B12A8-755F-4D31-9661-96FD9582450C}"
EndProject
Project("{2150E333-8FDC-42A3-9474-1A3956D46DE8}") = "Domain", "Domain", "{A9EA0E07-015F-43AD-B9C9-3D1D483EF6DD}"
EndProject
Project("{9A19103F-16F7-4668-BE54-9A1E7A4F7556}") = "Domain", "Domain\Domain.csproj", "{CAF58A51-69AE-4BD2-9B85-52D39C5935CB}"
EndProject
Project("{9A19103F-16F7-4668-BE54-9A1E7A4F7556}") = "Enums", "Enums\Enums.csproj", "{BDEEC879-E795-48A2-8792-4B5C6C891C58}"
EndProject
Project("{9A19103F-16F7-4668-BE54-9A1E7A4F7556}") = "DB", "DB\DB.csproj", "{1BDE4207-C213-4717-902E-10F462096738}"
EndProject
Project("{9A19103F-16F7-4668-BE54-9A1E7A4F7556}") = "Shared", "Shared\Shared.csproj", "{455E0640-8ECD-4329-9540-485D58B3B831}"
EndProject
Project("{9A19103F-16F7-4668-BE54-9A1E7A4F7556}") = "Interfaces", "Interfaces\Interfaces.csproj", "{92A4ED96-DF14-463F-B540-23C4329DD39B}"
EndProject
Project("{9A19103F-16F7-4668-BE54-9A1E7A4F7556}") = "ApplicationServices", "ApplicationServices\ApplicationServices.csproj", "{F183EB79-29B3-46E8-AD4F-493ACE9FEEC3}"
EndProject
Project("{E53339B2-1760-4266-BCC7-CA923CBCF16C}") = "docker-compose", "docker-compose.dcproj", "{149CAE73-D21D-4F51-B6CE-734C54461699}"
EndProject
Project("{9A19103F-16F7-4668-BE54-9A1E7A4F7556}") = "Utility", "Utility\Utility.csproj", "{4357FE76-C540-4B59-8BDE-9D55B8670FD0}"
EndProject
Project("{2150E333-8FDC-42A3-9474-1A3956D46DE8}") = "Solution Items", "Solution Items", "{CF62B062-C582-4016-9352-7F56F62A6C9B}"
	ProjectSection(SolutionItems) = preProject
		appspec.yml = appspec.yml
		bulidspec.yml = bulidspec.yml
		installApp.sh = installApp.sh
	EndProjectSection
EndProject
Project("{54A90642-561A-4BB1-A94E-469ADEE60C69}") = "ui", "..\UI\ui.esproj", "{D4EC3CCD-892E-40A5-845B-558A39FEEF77}"
EndProject
Global
	GlobalSection(SolutionConfigurationPlatforms) = preSolution
		Debug|Any CPU = Debug|Any CPU
		Release|Any CPU = Release|Any CPU
	EndGlobalSection
	GlobalSection(ProjectConfigurationPlatforms) = postSolution
		{567DA79E-E001-470A-9C1B-6D3C9A34178E}.Debug|Any CPU.ActiveCfg = Debug|Any CPU
		{567DA79E-E001-470A-9C1B-6D3C9A34178E}.Debug|Any CPU.Build.0 = Debug|Any CPU
		{567DA79E-E001-470A-9C1B-6D3C9A34178E}.Release|Any CPU.ActiveCfg = Release|Any CPU
		{567DA79E-E001-470A-9C1B-6D3C9A34178E}.Release|Any CPU.Build.0 = Release|Any CPU
		{CAF58A51-69AE-4BD2-9B85-52D39C5935CB}.Debug|Any CPU.ActiveCfg = Debug|Any CPU
		{CAF58A51-69AE-4BD2-9B85-52D39C5935CB}.Debug|Any CPU.Build.0 = Debug|Any CPU
		{CAF58A51-69AE-4BD2-9B85-52D39C5935CB}.Release|Any CPU.ActiveCfg = Release|Any CPU
		{CAF58A51-69AE-4BD2-9B85-52D39C5935CB}.Release|Any CPU.Build.0 = Release|Any CPU
		{BDEEC879-E795-48A2-8792-4B5C6C891C58}.Debug|Any CPU.ActiveCfg = Debug|Any CPU
		{BDEEC879-E795-48A2-8792-4B5C6C891C58}.Debug|Any CPU.Build.0 = Debug|Any CPU
		{BDEEC879-E795-48A2-8792-4B5C6C891C58}.Release|Any CPU.ActiveCfg = Release|Any CPU
		{BDEEC879-E795-48A2-8792-4B5C6C891C58}.Release|Any CPU.Build.0 = Release|Any CPU
		{1BDE4207-C213-4717-902E-10F462096738}.Debug|Any CPU.ActiveCfg = Debug|Any CPU
		{1BDE4207-C213-4717-902E-10F462096738}.Debug|Any CPU.Build.0 = Debug|Any CPU
		{1BDE4207-C213-4717-902E-10F462096738}.Release|Any CPU.ActiveCfg = Release|Any CPU
		{1BDE4207-C213-4717-902E-10F462096738}.Release|Any CPU.Build.0 = Release|Any CPU
		{455E0640-8ECD-4329-9540-485D58B3B831}.Debug|Any CPU.ActiveCfg = Debug|Any CPU
		{455E0640-8ECD-4329-9540-485D58B3B831}.Debug|Any CPU.Build.0 = Debug|Any CPU
		{455E0640-8ECD-4329-9540-485D58B3B831}.Release|Any CPU.ActiveCfg = Release|Any CPU
		{455E0640-8ECD-4329-9540-485D58B3B831}.Release|Any CPU.Build.0 = Release|Any CPU
		{92A4ED96-DF14-463F-B540-23C4329DD39B}.Debug|Any CPU.ActiveCfg = Debug|Any CPU
		{92A4ED96-DF14-463F-B540-23C4329DD39B}.Debug|Any CPU.Build.0 = Debug|Any CPU
		{92A4ED96-DF14-463F-B540-23C4329DD39B}.Release|Any CPU.ActiveCfg = Release|Any CPU
		{92A4ED96-DF14-463F-B540-23C4329DD39B}.Release|Any CPU.Build.0 = Release|Any CPU
		{F183EB79-29B3-46E8-AD4F-493ACE9FEEC3}.Debug|Any CPU.ActiveCfg = Debug|Any CPU
		{F183EB79-29B3-46E8-AD4F-493ACE9FEEC3}.Debug|Any CPU.Build.0 = Debug|Any CPU
		{F183EB79-29B3-46E8-AD4F-493ACE9FEEC3}.Release|Any CPU.ActiveCfg = Release|Any CPU
		{F183EB79-29B3-46E8-AD4F-493ACE9FEEC3}.Release|Any CPU.Build.0 = Release|Any CPU
		{149CAE73-D21D-4F51-B6CE-734C54461699}.Debug|Any CPU.ActiveCfg = Debug|Any CPU
		{149CAE73-D21D-4F51-B6CE-734C54461699}.Debug|Any CPU.Build.0 = Debug|Any CPU
		{149CAE73-D21D-4F51-B6CE-734C54461699}.Release|Any CPU.ActiveCfg = Release|Any CPU
		{149CAE73-D21D-4F51-B6CE-734C54461699}.Release|Any CPU.Build.0 = Release|Any CPU
		{4357FE76-C540-4B59-8BDE-9D55B8670FD0}.Debug|Any CPU.ActiveCfg = Debug|Any CPU
		{4357FE76-C540-4B59-8BDE-9D55B8670FD0}.Debug|Any CPU.Build.0 = Debug|Any CPU
		{4357FE76-C540-4B59-8BDE-9D55B8670FD0}.Release|Any CPU.ActiveCfg = Release|Any CPU
		{4357FE76-C540-4B59-8BDE-9D55B8670FD0}.Release|Any CPU.Build.0 = Release|Any CPU
		{D4EC3CCD-892E-40A5-845B-558A39FEEF77}.Debug|Any CPU.ActiveCfg = Debug|Any CPU
		{D4EC3CCD-892E-40A5-845B-558A39FEEF77}.Debug|Any CPU.Build.0 = Debug|Any CPU
		{D4EC3CCD-892E-40A5-845B-558A39FEEF77}.Debug|Any CPU.Deploy.0 = Debug|Any CPU
		{D4EC3CCD-892E-40A5-845B-558A39FEEF77}.Release|Any CPU.ActiveCfg = Release|Any CPU
		{D4EC3CCD-892E-40A5-845B-558A39FEEF77}.Release|Any CPU.Build.0 = Release|Any CPU
		{D4EC3CCD-892E-40A5-845B-558A39FEEF77}.Release|Any CPU.Deploy.0 = Release|Any CPU
	EndGlobalSection
	GlobalSection(SolutionProperties) = preSolution
		HideSolutionNode = FALSE
	EndGlobalSection
	GlobalSection(NestedProjects) = preSolution
		{567DA79E-E001-470A-9C1B-6D3C9A34178E} = {C4635F01-D1BE-4247-B2BA-A8C1788D8927}
		{CAF58A51-69AE-4BD2-9B85-52D39C5935CB} = {A9EA0E07-015F-43AD-B9C9-3D1D483EF6DD}
		{BDEEC879-E795-48A2-8792-4B5C6C891C58} = {A9EA0E07-015F-43AD-B9C9-3D1D483EF6DD}
		{1BDE4207-C213-4717-902E-10F462096738} = {540D96C9-CCBF-409C-B533-F2FAED824BE8}
		{455E0640-8ECD-4329-9540-485D58B3B831} = {540D96C9-CCBF-409C-B533-F2FAED824BE8}
		{92A4ED96-DF14-463F-B540-23C4329DD39B} = {107B12A8-755F-4D31-9661-96FD9582450C}
		{F183EB79-29B3-46E8-AD4F-493ACE9FEEC3} = {4B434A68-1416-4747-8380-0C14F869019C}
		{149CAE73-D21D-4F51-B6CE-734C54461699} = {C4635F01-D1BE-4247-B2BA-A8C1788D8927}
		{4357FE76-C540-4B59-8BDE-9D55B8670FD0} = {4B434A68-1416-4747-8380-0C14F869019C}
		{D4EC3CCD-892E-40A5-845B-558A39FEEF77} = {C4635F01-D1BE-4247-B2BA-A8C1788D8927}
	EndGlobalSection
	GlobalSection(ExtensibilityGlobals) = postSolution
		SolutionGuid = {D07469F7-0276-41A4-9309-AD5AABA0EB8D}
	EndGlobalSection
EndGlobal
